
Microsoft Visual Studio Solution File, Format Version 12.00
# Visual Studio Version 16
VisualStudioVersion = 16.0.28803.156
MinimumVisualStudioVersion = 10.0.40219.1
Project("{FAE04EC0-301F-11D3-BF4B-00C04F79EFBC}") = "ReadifyKnockAPI", "ReadifyKnockAPI\ReadifyKnockAPI.csproj", "{67FC3580-5BEE-450F-9CE0-3AAB6306F7EE}"
EndProject
Global
	GlobalSection(SolutionConfigurationPlatforms) = preSolution
		Debug|Any CPU = Debug|Any CPU
		Release|Any CPU = Release|Any CPU
	EndGlobalSection
	GlobalSection(ProjectConfigurationPlatforms) = postSolution
		{67FC3580-5BEE-450F-9CE0-3AAB6306F7EE}.Debug|Any CPU.ActiveCfg = Debug|Any CPU
		{67FC3580-5BEE-450F-9CE0-3AAB6306F7EE}.Debug|Any CPU.Build.0 = Debug|Any CPU
		{67FC3580-5BEE-450F-9CE0-3AAB6306F7EE}.Release|Any CPU.ActiveCfg = Release|Any CPU
		{67FC3580-5BEE-450F-9CE0-3AAB6306F7EE}.Release|Any CPU.Build.0 = Release|Any CPU
	EndGlobalSection
	GlobalSection(SolutionProperties) = preSolution
		HideSolutionNode = FALSE
	EndGlobalSection
	GlobalSection(ExtensibilityGlobals) = postSolution
		SolutionGuid = {260B2980-B98E-4A06-83E6-5BD599BCF84B}
	EndGlobalSection
EndGlobal
